// !$*UTF8*$!
{
	archiveVersion = 1;
	classes = {
	};
	objectVersion = 56;
	objects = {

/* Begin PBXBuildFile section */
		382EF3182AF7641C00B23CE2 /* MainView.swift in Sources */ = {isa = PBXBuildFile; fileRef = 382EF3172AF7641C00B23CE2 /* MainView.swift */; };
		382EF31A2AF7647600B23CE2 /* InputView.swift in Sources */ = {isa = PBXBuildFile; fileRef = 382EF3192AF7647600B23CE2 /* InputView.swift */; };
		382EF31D2AF7BBFF00B23CE2 /* Parser.swift in Sources */ = {isa = PBXBuildFile; fileRef = 382EF31C2AF7BBFF00B23CE2 /* Parser.swift */; };
		382EF3212AFC558500B23CE2 /* InputWebView.swift in Sources */ = {isa = PBXBuildFile; fileRef = 382EF3202AFC558500B23CE2 /* InputWebView.swift */; };
		382EF3232AFE477800B23CE2 /* ExpressionSelectorView.swift in Sources */ = {isa = PBXBuildFile; fileRef = 382EF3222AFE477800B23CE2 /* ExpressionSelectorView.swift */; };
		382EF3252AFE47DB00B23CE2 /* RuleInputView.swift in Sources */ = {isa = PBXBuildFile; fileRef = 382EF3242AFE47DB00B23CE2 /* RuleInputView.swift */; };
		382EF3272AFED92000B23CE2 /* Predicates.swift in Sources */ = {isa = PBXBuildFile; fileRef = 382EF3262AFED92000B23CE2 /* Predicates.swift */; };
		382EF32A2B039C1800B23CE2 /* ProofsAxiomSchemas.swift in Sources */ = {isa = PBXBuildFile; fileRef = 382EF3292B039C1800B23CE2 /* ProofsAxiomSchemas.swift */; };
		382EF34A2B04D9C200B23CE2 /* Sets.swift in Sources */ = {isa = PBXBuildFile; fileRef = 382EF3492B04D9C200B23CE2 /* Sets.swift */; };
		386413BE2AEA33C100B0BFCA /* MathsNotebookApp.swift in Sources */ = {isa = PBXBuildFile; fileRef = 386413BD2AEA33C100B0BFCA /* MathsNotebookApp.swift */; };
		386413C02AEA33C100B0BFCA /* ContentView.swift in Sources */ = {isa = PBXBuildFile; fileRef = 386413BF2AEA33C100B0BFCA /* ContentView.swift */; };
		386413C22AEA33C200B0BFCA /* Assets.xcassets in Resources */ = {isa = PBXBuildFile; fileRef = 386413C12AEA33C200B0BFCA /* Assets.xcassets */; };
		386413C52AEA33C200B0BFCA /* Preview Assets.xcassets in Resources */ = {isa = PBXBuildFile; fileRef = 386413C42AEA33C200B0BFCA /* Preview Assets.xcassets */; };
		386413D02AEA33C300B0BFCA /* MathsNotebookTests.swift in Sources */ = {isa = PBXBuildFile; fileRef = 386413CF2AEA33C300B0BFCA /* MathsNotebookTests.swift */; };
		386413DA2AEA33C300B0BFCA /* MathsNotebookUITests.swift in Sources */ = {isa = PBXBuildFile; fileRef = 386413D92AEA33C300B0BFCA /* MathsNotebookUITests.swift */; };
		386413DC2AEA33C300B0BFCA /* MathsNotebookUITestsLaunchTests.swift in Sources */ = {isa = PBXBuildFile; fileRef = 386413DB2AEA33C300B0BFCA /* MathsNotebookUITestsLaunchTests.swift */; };
		386413E92AEA341500B0BFCA /* ProofWebView.swift in Sources */ = {isa = PBXBuildFile; fileRef = 386413E82AEA341500B0BFCA /* ProofWebView.swift */; };
		386413EB2AEA36D700B0BFCA /* index.html in Resources */ = {isa = PBXBuildFile; fileRef = 386413EA2AEA36D700B0BFCA /* index.html */; };
		386413EE2AEA795700B0BFCA /* Expressions.swift in Sources */ = {isa = PBXBuildFile; fileRef = 386413ED2AEA795700B0BFCA /* Expressions.swift */; };
		386413F02AEB339000B0BFCA /* Propositions.swift in Sources */ = {isa = PBXBuildFile; fileRef = 386413EF2AEB339000B0BFCA /* Propositions.swift */; };
		386413F22AEB502A00B0BFCA /* Proofs.swift in Sources */ = {isa = PBXBuildFile; fileRef = 386413F12AEB502A00B0BFCA /* Proofs.swift */; };
		386413F42AED149D00B0BFCA /* ExpressionPrinters.swift in Sources */ = {isa = PBXBuildFile; fileRef = 386413F32AED149D00B0BFCA /* ExpressionPrinters.swift */; };
		386413F62AEF458800B0BFCA /* ProofsRewriteRules.swift in Sources */ = {isa = PBXBuildFile; fileRef = 386413F52AEF458800B0BFCA /* ProofsRewriteRules.swift */; };
		386413F82AEF8DBB00B0BFCA /* Bindings.swift in Sources */ = {isa = PBXBuildFile; fileRef = 386413F72AEF8DBB00B0BFCA /* Bindings.swift */; };
		386413FB2AF34FA200B0BFCA /* CursorPadView.swift in Sources */ = {isa = PBXBuildFile; fileRef = 386413FA2AF34FA200B0BFCA /* CursorPadView.swift */; };
		386413FE2AF4490200B0BFCA /* ProofSessions.swift in Sources */ = {isa = PBXBuildFile; fileRef = 386413FD2AF4490200B0BFCA /* ProofSessions.swift */; };
		387A2CCC2AF7068B000DA445 /* Parsing in Frameworks */ = {isa = PBXBuildFile; productRef = 387A2CCB2AF7068B000DA445 /* Parsing */; };
		387A2CD02AF70B8D000DA445 /* SwiftParsec in Frameworks */ = {isa = PBXBuildFile; productRef = 387A2CCF2AF70B8D000DA445 /* SwiftParsec */; };
/* End PBXBuildFile section */

/* Begin PBXContainerItemProxy section */
		386413CC2AEA33C300B0BFCA /* PBXContainerItemProxy */ = {
			isa = PBXContainerItemProxy;
			containerPortal = 386413B22AEA33C100B0BFCA /* Project object */;
			proxyType = 1;
			remoteGlobalIDString = 386413B92AEA33C100B0BFCA;
			remoteInfo = MathsNotebook;
		};
		386413D62AEA33C300B0BFCA /* PBXContainerItemProxy */ = {
			isa = PBXContainerItemProxy;
			containerPortal = 386413B22AEA33C100B0BFCA /* Project object */;
			proxyType = 1;
			remoteGlobalIDString = 386413B92AEA33C100B0BFCA;
			remoteInfo = MathsNotebook;
		};
/* End PBXContainerItemProxy section */

/* Begin PBXFileReference section */
		382EF3172AF7641C00B23CE2 /* MainView.swift */ = {isa = PBXFileReference; lastKnownFileType = sourcecode.swift; path = MainView.swift; sourceTree = "<group>"; };
		382EF3192AF7647600B23CE2 /* InputView.swift */ = {isa = PBXFileReference; lastKnownFileType = sourcecode.swift; path = InputView.swift; sourceTree = "<group>"; };
		382EF31C2AF7BBFF00B23CE2 /* Parser.swift */ = {isa = PBXFileReference; lastKnownFileType = sourcecode.swift; path = Parser.swift; sourceTree = "<group>"; };
		382EF3202AFC558500B23CE2 /* InputWebView.swift */ = {isa = PBXFileReference; lastKnownFileType = sourcecode.swift; path = InputWebView.swift; sourceTree = "<group>"; };
		382EF3222AFE477800B23CE2 /* ExpressionSelectorView.swift */ = {isa = PBXFileReference; lastKnownFileType = sourcecode.swift; path = ExpressionSelectorView.swift; sourceTree = "<group>"; };
		382EF3242AFE47DB00B23CE2 /* RuleInputView.swift */ = {isa = PBXFileReference; lastKnownFileType = sourcecode.swift; path = RuleInputView.swift; sourceTree = "<group>"; };
		382EF3262AFED92000B23CE2 /* Predicates.swift */ = {isa = PBXFileReference; lastKnownFileType = sourcecode.swift; path = Predicates.swift; sourceTree = "<group>"; };
		382EF3292B039C1800B23CE2 /* ProofsAxiomSchemas.swift */ = {isa = PBXFileReference; lastKnownFileType = sourcecode.swift; path = ProofsAxiomSchemas.swift; sourceTree = "<group>"; };
		382EF3492B04D9C200B23CE2 /* Sets.swift */ = {isa = PBXFileReference; lastKnownFileType = sourcecode.swift; path = Sets.swift; sourceTree = "<group>"; };
		386413BA2AEA33C100B0BFCA /* MathsNotebook.app */ = {isa = PBXFileReference; explicitFileType = wrapper.application; includeInIndex = 0; path = MathsNotebook.app; sourceTree = BUILT_PRODUCTS_DIR; };
		386413BD2AEA33C100B0BFCA /* MathsNotebookApp.swift */ = {isa = PBXFileReference; lastKnownFileType = sourcecode.swift; path = MathsNotebookApp.swift; sourceTree = "<group>"; };
		386413BF2AEA33C100B0BFCA /* ContentView.swift */ = {isa = PBXFileReference; lastKnownFileType = sourcecode.swift; path = ContentView.swift; sourceTree = "<group>"; };
		386413C12AEA33C200B0BFCA /* Assets.xcassets */ = {isa = PBXFileReference; lastKnownFileType = folder.assetcatalog; path = Assets.xcassets; sourceTree = "<group>"; };
		386413C42AEA33C200B0BFCA /* Preview Assets.xcassets */ = {isa = PBXFileReference; lastKnownFileType = folder.assetcatalog; path = "Preview Assets.xcassets"; sourceTree = "<group>"; };
		386413C62AEA33C200B0BFCA /* MathsNotebook.entitlements */ = {isa = PBXFileReference; lastKnownFileType = text.plist.entitlements; path = MathsNotebook.entitlements; sourceTree = "<group>"; };
		386413CB2AEA33C300B0BFCA /* MathsNotebookTests.xctest */ = {isa = PBXFileReference; explicitFileType = wrapper.cfbundle; includeInIndex = 0; path = MathsNotebookTests.xctest; sourceTree = BUILT_PRODUCTS_DIR; };
		386413CF2AEA33C300B0BFCA /* MathsNotebookTests.swift */ = {isa = PBXFileReference; lastKnownFileType = sourcecode.swift; path = MathsNotebookTests.swift; sourceTree = "<group>"; };
		386413D52AEA33C300B0BFCA /* MathsNotebookUITests.xctest */ = {isa = PBXFileReference; explicitFileType = wrapper.cfbundle; includeInIndex = 0; path = MathsNotebookUITests.xctest; sourceTree = BUILT_PRODUCTS_DIR; };
		386413D92AEA33C300B0BFCA /* MathsNotebookUITests.swift */ = {isa = PBXFileReference; lastKnownFileType = sourcecode.swift; path = MathsNotebookUITests.swift; sourceTree = "<group>"; };
		386413DB2AEA33C300B0BFCA /* MathsNotebookUITestsLaunchTests.swift */ = {isa = PBXFileReference; lastKnownFileType = sourcecode.swift; path = MathsNotebookUITestsLaunchTests.swift; sourceTree = "<group>"; };
		386413E82AEA341500B0BFCA /* ProofWebView.swift */ = {isa = PBXFileReference; lastKnownFileType = sourcecode.swift; path = ProofWebView.swift; sourceTree = "<group>"; };
		386413EA2AEA36D700B0BFCA /* index.html */ = {isa = PBXFileReference; lastKnownFileType = text.html; path = index.html; sourceTree = "<group>"; };
		386413ED2AEA795700B0BFCA /* Expressions.swift */ = {isa = PBXFileReference; lastKnownFileType = sourcecode.swift; path = Expressions.swift; sourceTree = "<group>"; };
		386413EF2AEB339000B0BFCA /* Propositions.swift */ = {isa = PBXFileReference; lastKnownFileType = sourcecode.swift; path = Propositions.swift; sourceTree = "<group>"; };
		386413F12AEB502A00B0BFCA /* Proofs.swift */ = {isa = PBXFileReference; lastKnownFileType = sourcecode.swift; path = Proofs.swift; sourceTree = "<group>"; };
		386413F32AED149D00B0BFCA /* ExpressionPrinters.swift */ = {isa = PBXFileReference; lastKnownFileType = sourcecode.swift; path = ExpressionPrinters.swift; sourceTree = "<group>"; };
		386413F52AEF458800B0BFCA /* ProofsRewriteRules.swift */ = {isa = PBXFileReference; lastKnownFileType = sourcecode.swift; path = ProofsRewriteRules.swift; sourceTree = "<group>"; };
		386413F72AEF8DBB00B0BFCA /* Bindings.swift */ = {isa = PBXFileReference; lastKnownFileType = sourcecode.swift; path = Bindings.swift; sourceTree = "<group>"; };
		386413FA2AF34FA200B0BFCA /* CursorPadView.swift */ = {isa = PBXFileReference; lastKnownFileType = sourcecode.swift; path = CursorPadView.swift; sourceTree = "<group>"; };
		386413FD2AF4490200B0BFCA /* ProofSessions.swift */ = {isa = PBXFileReference; lastKnownFileType = sourcecode.swift; path = ProofSessions.swift; sourceTree = "<group>"; };
/* End PBXFileReference section */

/* Begin PBXFrameworksBuildPhase section */
		386413B72AEA33C100B0BFCA /* Frameworks */ = {
			isa = PBXFrameworksBuildPhase;
			buildActionMask = 2147483647;
			files = (
				387A2CD02AF70B8D000DA445 /* SwiftParsec in Frameworks */,
				387A2CCC2AF7068B000DA445 /* Parsing in Frameworks */,
			);
			runOnlyForDeploymentPostprocessing = 0;
		};
		386413C82AEA33C300B0BFCA /* Frameworks */ = {
			isa = PBXFrameworksBuildPhase;
			buildActionMask = 2147483647;
			files = (
			);
			runOnlyForDeploymentPostprocessing = 0;
		};
		386413D22AEA33C300B0BFCA /* Frameworks */ = {
			isa = PBXFrameworksBuildPhase;
			buildActionMask = 2147483647;
			files = (
			);
			runOnlyForDeploymentPostprocessing = 0;
		};
/* End PBXFrameworksBuildPhase section */

/* Begin PBXGroup section */
		382EF31B2AF7BBEE00B23CE2 /* Utilities */ = {
			isa = PBXGroup;
			children = (
				382EF31C2AF7BBFF00B23CE2 /* Parser.swift */,
			);
			path = Utilities;
			sourceTree = "<group>";
		};
		386413B12AEA33C100B0BFCA = {
			isa = PBXGroup;
			children = (
				386413BC2AEA33C100B0BFCA /* MathsNotebook */,
				386413CE2AEA33C300B0BFCA /* MathsNotebookTests */,
				386413D82AEA33C300B0BFCA /* MathsNotebookUITests */,
				386413BB2AEA33C100B0BFCA /* Products */,
			);
			sourceTree = "<group>";
		};
		386413BB2AEA33C100B0BFCA /* Products */ = {
			isa = PBXGroup;
			children = (
				386413BA2AEA33C100B0BFCA /* MathsNotebook.app */,
				386413CB2AEA33C300B0BFCA /* MathsNotebookTests.xctest */,
				386413D52AEA33C300B0BFCA /* MathsNotebookUITests.xctest */,
			);
			name = Products;
			sourceTree = "<group>";
		};
		386413BC2AEA33C100B0BFCA /* MathsNotebook */ = {
			isa = PBXGroup;
			children = (
				382EF31B2AF7BBEE00B23CE2 /* Utilities */,
				386413FC2AF448EF00B0BFCA /* Controllers */,
				386413F92AF34F8300B0BFCA /* Views */,
				386413EC2AEA794700B0BFCA /* Model */,
				386413BD2AEA33C100B0BFCA /* MathsNotebookApp.swift */,
				386413C12AEA33C200B0BFCA /* Assets.xcassets */,
				386413C62AEA33C200B0BFCA /* MathsNotebook.entitlements */,
				386413C32AEA33C200B0BFCA /* Preview Content */,
				386413EA2AEA36D700B0BFCA /* index.html */,
			);
			path = MathsNotebook;
			sourceTree = "<group>";
		};
		386413C32AEA33C200B0BFCA /* Preview Content */ = {
			isa = PBXGroup;
			children = (
				386413C42AEA33C200B0BFCA /* Preview Assets.xcassets */,
			);
			path = "Preview Content";
			sourceTree = "<group>";
		};
		386413CE2AEA33C300B0BFCA /* MathsNotebookTests */ = {
			isa = PBXGroup;
			children = (
				386413CF2AEA33C300B0BFCA /* MathsNotebookTests.swift */,
			);
			path = MathsNotebookTests;
			sourceTree = "<group>";
		};
		386413D82AEA33C300B0BFCA /* MathsNotebookUITests */ = {
			isa = PBXGroup;
			children = (
				386413D92AEA33C300B0BFCA /* MathsNotebookUITests.swift */,
				386413DB2AEA33C300B0BFCA /* MathsNotebookUITestsLaunchTests.swift */,
			);
			path = MathsNotebookUITests;
			sourceTree = "<group>";
		};
		386413EC2AEA794700B0BFCA /* Model */ = {
			isa = PBXGroup;
			children = (
				386413ED2AEA795700B0BFCA /* Expressions.swift */,
				386413EF2AEB339000B0BFCA /* Propositions.swift */,
				386413F12AEB502A00B0BFCA /* Proofs.swift */,
				386413F32AED149D00B0BFCA /* ExpressionPrinters.swift */,
				386413F52AEF458800B0BFCA /* ProofsRewriteRules.swift */,
				386413F72AEF8DBB00B0BFCA /* Bindings.swift */,
				382EF3262AFED92000B23CE2 /* Predicates.swift */,
				382EF3292B039C1800B23CE2 /* ProofsAxiomSchemas.swift */,
				382EF3492B04D9C200B23CE2 /* Sets.swift */,
			);
			path = Model;
			sourceTree = "<group>";
		};
		386413F92AF34F8300B0BFCA /* Views */ = {
			isa = PBXGroup;
			children = (
				386413BF2AEA33C100B0BFCA /* ContentView.swift */,
				386413E82AEA341500B0BFCA /* ProofWebView.swift */,
				386413FA2AF34FA200B0BFCA /* CursorPadView.swift */,
				382EF3172AF7641C00B23CE2 /* MainView.swift */,
				382EF3192AF7647600B23CE2 /* InputView.swift */,
				382EF3202AFC558500B23CE2 /* InputWebView.swift */,
				382EF3222AFE477800B23CE2 /* ExpressionSelectorView.swift */,
				382EF3242AFE47DB00B23CE2 /* RuleInputView.swift */,
			);
			path = Views;
			sourceTree = "<group>";
		};
		386413FC2AF448EF00B0BFCA /* Controllers */ = {
			isa = PBXGroup;
			children = (
				386413FD2AF4490200B0BFCA /* ProofSessions.swift */,
			);
			path = Controllers;
			sourceTree = "<group>";
		};
/* End PBXGroup section */

/* Begin PBXNativeTarget section */
		386413B92AEA33C100B0BFCA /* MathsNotebook */ = {
			isa = PBXNativeTarget;
			buildConfigurationList = 386413DF2AEA33C300B0BFCA /* Build configuration list for PBXNativeTarget "MathsNotebook" */;
			buildPhases = (
				386413B62AEA33C100B0BFCA /* Sources */,
				386413B72AEA33C100B0BFCA /* Frameworks */,
				386413B82AEA33C100B0BFCA /* Resources */,
			);
			buildRules = (
			);
			dependencies = (
			);
			name = MathsNotebook;
			packageProductDependencies = (
				387A2CCB2AF7068B000DA445 /* Parsing */,
				387A2CCF2AF70B8D000DA445 /* SwiftParsec */,
			);
			productName = MathsNotebook;
			productReference = 386413BA2AEA33C100B0BFCA /* MathsNotebook.app */;
			productType = "com.apple.product-type.application";
		};
		386413CA2AEA33C300B0BFCA /* MathsNotebookTests */ = {
			isa = PBXNativeTarget;
			buildConfigurationList = 386413E22AEA33C300B0BFCA /* Build configuration list for PBXNativeTarget "MathsNotebookTests" */;
			buildPhases = (
				386413C72AEA33C300B0BFCA /* Sources */,
				386413C82AEA33C300B0BFCA /* Frameworks */,
				386413C92AEA33C300B0BFCA /* Resources */,
			);
			buildRules = (
			);
			dependencies = (
				386413CD2AEA33C300B0BFCA /* PBXTargetDependency */,
			);
			name = MathsNotebookTests;
			productName = MathsNotebookTests;
			productReference = 386413CB2AEA33C300B0BFCA /* MathsNotebookTests.xctest */;
			productType = "com.apple.product-type.bundle.unit-test";
		};
		386413D42AEA33C300B0BFCA /* MathsNotebookUITests */ = {
			isa = PBXNativeTarget;
			buildConfigurationList = 386413E52AEA33C300B0BFCA /* Build configuration list for PBXNativeTarget "MathsNotebookUITests" */;
			buildPhases = (
				386413D12AEA33C300B0BFCA /* Sources */,
				386413D22AEA33C300B0BFCA /* Frameworks */,
				386413D32AEA33C300B0BFCA /* Resources */,
			);
			buildRules = (
			);
			dependencies = (
				386413D72AEA33C300B0BFCA /* PBXTargetDependency */,
			);
			name = MathsNotebookUITests;
			productName = MathsNotebookUITests;
			productReference = 386413D52AEA33C300B0BFCA /* MathsNotebookUITests.xctest */;
			productType = "com.apple.product-type.bundle.ui-testing";
		};
/* End PBXNativeTarget section */

/* Begin PBXProject section */
		386413B22AEA33C100B0BFCA /* Project object */ = {
			isa = PBXProject;
			attributes = {
				BuildIndependentTargetsInParallel = 1;
				LastSwiftUpdateCheck = 1500;
				LastUpgradeCheck = 1500;
				TargetAttributes = {
					386413B92AEA33C100B0BFCA = {
						CreatedOnToolsVersion = 15.0.1;
					};
					386413CA2AEA33C300B0BFCA = {
						CreatedOnToolsVersion = 15.0.1;
						TestTargetID = 386413B92AEA33C100B0BFCA;
					};
					386413D42AEA33C300B0BFCA = {
						CreatedOnToolsVersion = 15.0.1;
						TestTargetID = 386413B92AEA33C100B0BFCA;
					};
				};
			};
			buildConfigurationList = 386413B52AEA33C100B0BFCA /* Build configuration list for PBXProject "MathsNotebook" */;
			compatibilityVersion = "Xcode 14.0";
			developmentRegion = en;
			hasScannedForEncodings = 0;
			knownRegions = (
				en,
				Base,
			);
			mainGroup = 386413B12AEA33C100B0BFCA;
			packageReferences = (
				387A2CCA2AF7068B000DA445 /* XCRemoteSwiftPackageReference "swift-parsing" */,
				387A2CCE2AF70B8D000DA445 /* XCRemoteSwiftPackageReference "SwiftParsec" */,
			);
			productRefGroup = 386413BB2AEA33C100B0BFCA /* Products */;
			projectDirPath = "";
			projectRoot = "";
			targets = (
				386413B92AEA33C100B0BFCA /* MathsNotebook */,
				386413CA2AEA33C300B0BFCA /* MathsNotebookTests */,
				386413D42AEA33C300B0BFCA /* MathsNotebookUITests */,
			);
		};
/* End PBXProject section */

/* Begin PBXResourcesBuildPhase section */
		386413B82AEA33C100B0BFCA /* Resources */ = {
			isa = PBXResourcesBuildPhase;
			buildActionMask = 2147483647;
			files = (
				386413EB2AEA36D700B0BFCA /* index.html in Resources */,
				386413C52AEA33C200B0BFCA /* Preview Assets.xcassets in Resources */,
				386413C22AEA33C200B0BFCA /* Assets.xcassets in Resources */,
			);
			runOnlyForDeploymentPostprocessing = 0;
		};
		386413C92AEA33C300B0BFCA /* Resources */ = {
			isa = PBXResourcesBuildPhase;
			buildActionMask = 2147483647;
			files = (
			);
			runOnlyForDeploymentPostprocessing = 0;
		};
		386413D32AEA33C300B0BFCA /* Resources */ = {
			isa = PBXResourcesBuildPhase;
			buildActionMask = 2147483647;
			files = (
			);
			runOnlyForDeploymentPostprocessing = 0;
		};
/* End PBXResourcesBuildPhase section */

/* Begin PBXSourcesBuildPhase section */
		386413B62AEA33C100B0BFCA /* Sources */ = {
			isa = PBXSourcesBuildPhase;
			buildActionMask = 2147483647;
			files = (
				382EF31A2AF7647600B23CE2 /* InputView.swift in Sources */,
				386413F22AEB502A00B0BFCA /* Proofs.swift in Sources */,
				382EF3182AF7641C00B23CE2 /* MainView.swift in Sources */,
				382EF3232AFE477800B23CE2 /* ExpressionSelectorView.swift in Sources */,
				386413F02AEB339000B0BFCA /* Propositions.swift in Sources */,
				386413F82AEF8DBB00B0BFCA /* Bindings.swift in Sources */,
				386413E92AEA341500B0BFCA /* ProofWebView.swift in Sources */,
				382EF31D2AF7BBFF00B23CE2 /* Parser.swift in Sources */,
				386413F42AED149D00B0BFCA /* ExpressionPrinters.swift in Sources */,
				382EF32A2B039C1800B23CE2 /* ProofsAxiomSchemas.swift in Sources */,
				382EF3252AFE47DB00B23CE2 /* RuleInputView.swift in Sources */,
				386413F62AEF458800B0BFCA /* ProofsRewriteRules.swift in Sources */,
				382EF34A2B04D9C200B23CE2 /* Sets.swift in Sources */,
				382EF3272AFED92000B23CE2 /* Predicates.swift in Sources */,
				386413FB2AF34FA200B0BFCA /* CursorPadView.swift in Sources */,
				382EF3212AFC558500B23CE2 /* InputWebView.swift in Sources */,
				386413C02AEA33C100B0BFCA /* ContentView.swift in Sources */,
				386413BE2AEA33C100B0BFCA /* MathsNotebookApp.swift in Sources */,
				386413EE2AEA795700B0BFCA /* Expressions.swift in Sources */,
				386413FE2AF4490200B0BFCA /* ProofSessions.swift in Sources */,
			);
			runOnlyForDeploymentPostprocessing = 0;
		};
		386413C72AEA33C300B0BFCA /* Sources */ = {
			isa = PBXSourcesBuildPhase;
			buildActionMask = 2147483647;
			files = (
				386413D02AEA33C300B0BFCA /* MathsNotebookTests.swift in Sources */,
			);
			runOnlyForDeploymentPostprocessing = 0;
		};
		386413D12AEA33C300B0BFCA /* Sources */ = {
			isa = PBXSourcesBuildPhase;
			buildActionMask = 2147483647;
			files = (
				386413DA2AEA33C300B0BFCA /* MathsNotebookUITests.swift in Sources */,
				386413DC2AEA33C300B0BFCA /* MathsNotebookUITestsLaunchTests.swift in Sources */,
			);
			runOnlyForDeploymentPostprocessing = 0;
		};
/* End PBXSourcesBuildPhase section */

/* Begin PBXTargetDependency section */
		386413CD2AEA33C300B0BFCA /* PBXTargetDependency */ = {
			isa = PBXTargetDependency;
			target = 386413B92AEA33C100B0BFCA /* MathsNotebook */;
			targetProxy = 386413CC2AEA33C300B0BFCA /* PBXContainerItemProxy */;
		};
		386413D72AEA33C300B0BFCA /* PBXTargetDependency */ = {
			isa = PBXTargetDependency;
			target = 386413B92AEA33C100B0BFCA /* MathsNotebook */;
			targetProxy = 386413D62AEA33C300B0BFCA /* PBXContainerItemProxy */;
		};
/* End PBXTargetDependency section */

/* Begin XCBuildConfiguration section */
		386413DD2AEA33C300B0BFCA /* Debug */ = {
			isa = XCBuildConfiguration;
			buildSettings = {
				ALWAYS_SEARCH_USER_PATHS = NO;
				ASSETCATALOG_COMPILER_GENERATE_SWIFT_ASSET_SYMBOL_EXTENSIONS = YES;
				CLANG_ANALYZER_NONNULL = YES;
				CLANG_ANALYZER_NUMBER_OBJECT_CONVERSION = YES_AGGRESSIVE;
				CLANG_CXX_LANGUAGE_STANDARD = "gnu++20";
				CLANG_ENABLE_MODULES = YES;
				CLANG_ENABLE_OBJC_ARC = YES;
				CLANG_ENABLE_OBJC_WEAK = YES;
				CLANG_WARN_BLOCK_CAPTURE_AUTORELEASING = YES;
				CLANG_WARN_BOOL_CONVERSION = YES;
				CLANG_WARN_COMMA = YES;
				CLANG_WARN_CONSTANT_CONVERSION = YES;
				CLANG_WARN_DEPRECATED_OBJC_IMPLEMENTATIONS = YES;
				CLANG_WARN_DIRECT_OBJC_ISA_USAGE = YES_ERROR;
				CLANG_WARN_DOCUMENTATION_COMMENTS = YES;
				CLANG_WARN_EMPTY_BODY = YES;
				CLANG_WARN_ENUM_CONVERSION = YES;
				CLANG_WARN_INFINITE_RECURSION = YES;
				CLANG_WARN_INT_CONVERSION = YES;
				CLANG_WARN_NON_LITERAL_NULL_CONVERSION = YES;
				CLANG_WARN_OBJC_IMPLICIT_RETAIN_SELF = YES;
				CLANG_WARN_OBJC_LITERAL_CONVERSION = YES;
				CLANG_WARN_OBJC_ROOT_CLASS = YES_ERROR;
				CLANG_WARN_QUOTED_INCLUDE_IN_FRAMEWORK_HEADER = YES;
				CLANG_WARN_RANGE_LOOP_ANALYSIS = YES;
				CLANG_WARN_STRICT_PROTOTYPES = YES;
				CLANG_WARN_SUSPICIOUS_MOVE = YES;
				CLANG_WARN_UNGUARDED_AVAILABILITY = YES_AGGRESSIVE;
				CLANG_WARN_UNREACHABLE_CODE = YES;
				CLANG_WARN__DUPLICATE_METHOD_MATCH = YES;
				COPY_PHASE_STRIP = NO;
				DEBUG_INFORMATION_FORMAT = dwarf;
				ENABLE_STRICT_OBJC_MSGSEND = YES;
				ENABLE_TESTABILITY = YES;
				ENABLE_USER_SCRIPT_SANDBOXING = YES;
				GCC_C_LANGUAGE_STANDARD = gnu17;
				GCC_DYNAMIC_NO_PIC = NO;
				GCC_NO_COMMON_BLOCKS = YES;
				GCC_OPTIMIZATION_LEVEL = 0;
				GCC_PREPROCESSOR_DEFINITIONS = (
					"DEBUG=1",
					"$(inherited)",
				);
				GCC_WARN_64_TO_32_BIT_CONVERSION = YES;
				GCC_WARN_ABOUT_RETURN_TYPE = YES_ERROR;
				GCC_WARN_UNDECLARED_SELECTOR = YES;
				GCC_WARN_UNINITIALIZED_AUTOS = YES_AGGRESSIVE;
				GCC_WARN_UNUSED_FUNCTION = YES;
				GCC_WARN_UNUSED_VARIABLE = YES;
				LOCALIZATION_PREFERS_STRING_CATALOGS = YES;
				MACOSX_DEPLOYMENT_TARGET = 14.0;
				MTL_ENABLE_DEBUG_INFO = INCLUDE_SOURCE;
				MTL_FAST_MATH = YES;
				ONLY_ACTIVE_ARCH = YES;
				SDKROOT = macosx;
				SWIFT_ACTIVE_COMPILATION_CONDITIONS = "DEBUG $(inherited)";
				SWIFT_OPTIMIZATION_LEVEL = "-Onone";
			};
			name = Debug;
		};
		386413DE2AEA33C300B0BFCA /* Release */ = {
			isa = XCBuildConfiguration;
			buildSettings = {
				ALWAYS_SEARCH_USER_PATHS = NO;
				ASSETCATALOG_COMPILER_GENERATE_SWIFT_ASSET_SYMBOL_EXTENSIONS = YES;
				CLANG_ANALYZER_NONNULL = YES;
				CLANG_ANALYZER_NUMBER_OBJECT_CONVERSION = YES_AGGRESSIVE;
				CLANG_CXX_LANGUAGE_STANDARD = "gnu++20";
				CLANG_ENABLE_MODULES = YES;
				CLANG_ENABLE_OBJC_ARC = YES;
				CLANG_ENABLE_OBJC_WEAK = YES;
				CLANG_WARN_BLOCK_CAPTURE_AUTORELEASING = YES;
				CLANG_WARN_BOOL_CONVERSION = YES;
				CLANG_WARN_COMMA = YES;
				CLANG_WARN_CONSTANT_CONVERSION = YES;
				CLANG_WARN_DEPRECATED_OBJC_IMPLEMENTATIONS = YES;
				CLANG_WARN_DIRECT_OBJC_ISA_USAGE = YES_ERROR;
				CLANG_WARN_DOCUMENTATION_COMMENTS = YES;
				CLANG_WARN_EMPTY_BODY = YES;
				CLANG_WARN_ENUM_CONVERSION = YES;
				CLANG_WARN_INFINITE_RECURSION = YES;
				CLANG_WARN_INT_CONVERSION = YES;
				CLANG_WARN_NON_LITERAL_NULL_CONVERSION = YES;
				CLANG_WARN_OBJC_IMPLICIT_RETAIN_SELF = YES;
				CLANG_WARN_OBJC_LITERAL_CONVERSION = YES;
				CLANG_WARN_OBJC_ROOT_CLASS = YES_ERROR;
				CLANG_WARN_QUOTED_INCLUDE_IN_FRAMEWORK_HEADER = YES;
				CLANG_WARN_RANGE_LOOP_ANALYSIS = YES;
				CLANG_WARN_STRICT_PROTOTYPES = YES;
				CLANG_WARN_SUSPICIOUS_MOVE = YES;
				CLANG_WARN_UNGUARDED_AVAILABILITY = YES_AGGRESSIVE;
				CLANG_WARN_UNREACHABLE_CODE = YES;
				CLANG_WARN__DUPLICATE_METHOD_MATCH = YES;
				COPY_PHASE_STRIP = NO;
				DEBUG_INFORMATION_FORMAT = "dwarf-with-dsym";
				ENABLE_NS_ASSERTIONS = NO;
				ENABLE_STRICT_OBJC_MSGSEND = YES;
				ENABLE_USER_SCRIPT_SANDBOXING = YES;
				GCC_C_LANGUAGE_STANDARD = gnu17;
				GCC_NO_COMMON_BLOCKS = YES;
				GCC_WARN_64_TO_32_BIT_CONVERSION = YES;
				GCC_WARN_ABOUT_RETURN_TYPE = YES_ERROR;
				GCC_WARN_UNDECLARED_SELECTOR = YES;
				GCC_WARN_UNINITIALIZED_AUTOS = YES_AGGRESSIVE;
				GCC_WARN_UNUSED_FUNCTION = YES;
				GCC_WARN_UNUSED_VARIABLE = YES;
				LOCALIZATION_PREFERS_STRING_CATALOGS = YES;
				MACOSX_DEPLOYMENT_TARGET = 14.0;
				MTL_ENABLE_DEBUG_INFO = NO;
				MTL_FAST_MATH = YES;
				SDKROOT = macosx;
				SWIFT_COMPILATION_MODE = wholemodule;
			};
			name = Release;
		};
		386413E02AEA33C300B0BFCA /* Debug */ = {
			isa = XCBuildConfiguration;
			buildSettings = {
				ASSETCATALOG_COMPILER_APPICON_NAME = AppIcon;
				ASSETCATALOG_COMPILER_GLOBAL_ACCENT_COLOR_NAME = AccentColor;
				CODE_SIGN_ENTITLEMENTS = MathsNotebook/MathsNotebook.entitlements;
				CODE_SIGN_STYLE = Automatic;
				COMBINE_HIDPI_IMAGES = YES;
				CURRENT_PROJECT_VERSION = 1;
				DEVELOPMENT_ASSET_PATHS = "\"MathsNotebook/Preview Content\"";
				ENABLE_PREVIEWS = YES;
				GENERATE_INFOPLIST_FILE = YES;
				INFOPLIST_KEY_NSHumanReadableCopyright = "";
				LD_RUNPATH_SEARCH_PATHS = (
					"$(inherited)",
					"@executable_path/../Frameworks",
				);
				MARKETING_VERSION = 1.0;
				PRODUCT_BUNDLE_IDENTIFIER = stephen.howe.MathsNotebook;
				PRODUCT_NAME = "$(TARGET_NAME)";
				SWIFT_EMIT_LOC_STRINGS = YES;
				SWIFT_VERSION = 5.0;
			};
			name = Debug;
		};
		386413E12AEA33C300B0BFCA /* Release */ = {
			isa = XCBuildConfiguration;
			buildSettings = {
				ASSETCATALOG_COMPILER_APPICON_NAME = AppIcon;
				ASSETCATALOG_COMPILER_GLOBAL_ACCENT_COLOR_NAME = AccentColor;
				CODE_SIGN_ENTITLEMENTS = MathsNotebook/MathsNotebook.entitlements;
				CODE_SIGN_STYLE = Automatic;
				COMBINE_HIDPI_IMAGES = YES;
				CURRENT_PROJECT_VERSION = 1;
				DEVELOPMENT_ASSET_PATHS = "\"MathsNotebook/Preview Content\"";
				ENABLE_PREVIEWS = YES;
				GENERATE_INFOPLIST_FILE = YES;
				INFOPLIST_KEY_NSHumanReadableCopyright = "";
				LD_RUNPATH_SEARCH_PATHS = (
					"$(inherited)",
					"@executable_path/../Frameworks",
				);
				MARKETING_VERSION = 1.0;
				PRODUCT_BUNDLE_IDENTIFIER = stephen.howe.MathsNotebook;
				PRODUCT_NAME = "$(TARGET_NAME)";
				SWIFT_EMIT_LOC_STRINGS = YES;
				SWIFT_VERSION = 5.0;
			};
			name = Release;
		};
		386413E32AEA33C300B0BFCA /* Debug */ = {
			isa = XCBuildConfiguration;
			buildSettings = {
				ALWAYS_EMBED_SWIFT_STANDARD_LIBRARIES = YES;
				BUNDLE_LOADER = "$(TEST_HOST)";
				CODE_SIGN_STYLE = Automatic;
				CURRENT_PROJECT_VERSION = 1;
				GENERATE_INFOPLIST_FILE = YES;
				MACOSX_DEPLOYMENT_TARGET = 14.0;
				MARKETING_VERSION = 1.0;
				PRODUCT_BUNDLE_IDENTIFIER = stephen.howe.MathsNotebookTests;
				PRODUCT_NAME = "$(TARGET_NAME)";
				SWIFT_EMIT_LOC_STRINGS = NO;
				SWIFT_VERSION = 5.0;
				TEST_HOST = "$(BUILT_PRODUCTS_DIR)/MathsNotebook.app/$(BUNDLE_EXECUTABLE_FOLDER_PATH)/MathsNotebook";
			};
			name = Debug;
		};
		386413E42AEA33C300B0BFCA /* Release */ = {
			isa = XCBuildConfiguration;
			buildSettings = {
				ALWAYS_EMBED_SWIFT_STANDARD_LIBRARIES = YES;
				BUNDLE_LOADER = "$(TEST_HOST)";
				CODE_SIGN_STYLE = Automatic;
				CURRENT_PROJECT_VERSION = 1;
				GENERATE_INFOPLIST_FILE = YES;
				MACOSX_DEPLOYMENT_TARGET = 14.0;
				MARKETING_VERSION = 1.0;
				PRODUCT_BUNDLE_IDENTIFIER = stephen.howe.MathsNotebookTests;
				PRODUCT_NAME = "$(TARGET_NAME)";
				SWIFT_EMIT_LOC_STRINGS = NO;
				SWIFT_VERSION = 5.0;
				TEST_HOST = "$(BUILT_PRODUCTS_DIR)/MathsNotebook.app/$(BUNDLE_EXECUTABLE_FOLDER_PATH)/MathsNotebook";
			};
			name = Release;
		};
		386413E62AEA33C300B0BFCA /* Debug */ = {
			isa = XCBuildConfiguration;
			buildSettings = {
				ALWAYS_EMBED_SWIFT_STANDARD_LIBRARIES = YES;
				CODE_SIGN_STYLE = Automatic;
				CURRENT_PROJECT_VERSION = 1;
				GENERATE_INFOPLIST_FILE = YES;
				MARKETING_VERSION = 1.0;
				PRODUCT_BUNDLE_IDENTIFIER = stephen.howe.MathsNotebookUITests;
				PRODUCT_NAME = "$(TARGET_NAME)";
				SWIFT_EMIT_LOC_STRINGS = NO;
				SWIFT_VERSION = 5.0;
				TEST_TARGET_NAME = MathsNotebook;
			};
			name = Debug;
		};
		386413E72AEA33C300B0BFCA /* Release */ = {
			isa = XCBuildConfiguration;
			buildSettings = {
				ALWAYS_EMBED_SWIFT_STANDARD_LIBRARIES = YES;
				CODE_SIGN_STYLE = Automatic;
				CURRENT_PROJECT_VERSION = 1;
				GENERATE_INFOPLIST_FILE = YES;
				MARKETING_VERSION = 1.0;
				PRODUCT_BUNDLE_IDENTIFIER = stephen.howe.MathsNotebookUITests;
				PRODUCT_NAME = "$(TARGET_NAME)";
				SWIFT_EMIT_LOC_STRINGS = NO;
				SWIFT_VERSION = 5.0;
				TEST_TARGET_NAME = MathsNotebook;
			};
			name = Release;
		};
/* End XCBuildConfiguration section */

/* Begin XCConfigurationList section */
		386413B52AEA33C100B0BFCA /* Build configuration list for PBXProject "MathsNotebook" */ = {
			isa = XCConfigurationList;
			buildConfigurations = (
				386413DD2AEA33C300B0BFCA /* Debug */,
				386413DE2AEA33C300B0BFCA /* Release */,
			);
			defaultConfigurationIsVisible = 0;
			defaultConfigurationName = Release;
		};
		386413DF2AEA33C300B0BFCA /* Build configuration list for PBXNativeTarget "MathsNotebook" */ = {
			isa = XCConfigurationList;
			buildConfigurations = (
				386413E02AEA33C300B0BFCA /* Debug */,
				386413E12AEA33C300B0BFCA /* Release */,
			);
			defaultConfigurationIsVisible = 0;
			defaultConfigurationName = Release;
		};
		386413E22AEA33C300B0BFCA /* Build configuration list for PBXNativeTarget "MathsNotebookTests" */ = {
			isa = XCConfigurationList;
			buildConfigurations = (
				386413E32AEA33C300B0BFCA /* Debug */,
				386413E42AEA33C300B0BFCA /* Release */,
			);
			defaultConfigurationIsVisible = 0;
			defaultConfigurationName = Release;
		};
		386413E52AEA33C300B0BFCA /* Build configuration list for PBXNativeTarget "MathsNotebookUITests" */ = {
			isa = XCConfigurationList;
			buildConfigurations = (
				386413E62AEA33C300B0BFCA /* Debug */,
				386413E72AEA33C300B0BFCA /* Release */,
			);
			defaultConfigurationIsVisible = 0;
			defaultConfigurationName = Release;
		};
/* End XCConfigurationList section */

/* Begin XCRemoteSwiftPackageReference section */
		387A2CCA2AF7068B000DA445 /* XCRemoteSwiftPackageReference "swift-parsing" */ = {
			isa = XCRemoteSwiftPackageReference;
			repositoryURL = "https://github.com/pointfreeco/swift-parsing";
			requirement = {
				kind = upToNextMajorVersion;
				minimumVersion = 0.13.0;
			};
		};
		387A2CCE2AF70B8D000DA445 /* XCRemoteSwiftPackageReference "SwiftParsec" */ = {
			isa = XCRemoteSwiftPackageReference;
			repositoryURL = "https://github.com/davedufresne/SwiftParsec";
			requirement = {
				kind = upToNextMajorVersion;
				minimumVersion = 4.0.1;
			};
		};
/* End XCRemoteSwiftPackageReference section */

/* Begin XCSwiftPackageProductDependency section */
		387A2CCB2AF7068B000DA445 /* Parsing */ = {
			isa = XCSwiftPackageProductDependency;
			package = 387A2CCA2AF7068B000DA445 /* XCRemoteSwiftPackageReference "swift-parsing" */;
			productName = Parsing;
		};
		387A2CCF2AF70B8D000DA445 /* SwiftParsec */ = {
			isa = XCSwiftPackageProductDependency;
			package = 387A2CCE2AF70B8D000DA445 /* XCRemoteSwiftPackageReference "SwiftParsec" */;
			productName = SwiftParsec;
		};
/* End XCSwiftPackageProductDependency section */
	};
	rootObject = 386413B22AEA33C100B0BFCA /* Project object */;
}
